<Solution>
  <Project Path="SoftOne.TaskManagement.API/SoftOne.TaskManagement.API.csproj" />
  <Project Path="SoftOne.TaskManagement.Application/SoftOne.TaskManagement.Application.csproj" />
  <Project Path="SoftOne.TaskManagement.Common/SoftOne.TaskManagement.Common.csproj" />
  <Project Path="SoftOne.TaskManagement.Domain/SoftOne.TaskManagement.Domain.csproj" />
  <Project Path="SoftOne.TaskManagement.Infrastructure/SoftOne.TaskManagement.Infrastructure.csproj" />
</Solution>
